
Microsoft Visual Studio Solution File, Format Version 12.00
# Visual Studio 15
VisualStudioVersion = 15.0.28010.2041
MinimumVisualStudioVersion = 10.0.40219.1
Project("{888888A0-9F3D-457C-B088-3A5042F75D52}") = "HW1Source", "HW1Source\HW1Source.pyproj", "{89A332E5-6CFA-4635-93A3-303A8AF47071}"
EndProject
Global
	GlobalSection(SolutionConfigurationPlatforms) = preSolution
		Debug|Any CPU = Debug|Any CPU
		Release|Any CPU = Release|Any CPU
	EndGlobalSection
	GlobalSection(ProjectConfigurationPlatforms) = postSolution
		{89A332E5-6CFA-4635-93A3-303A8AF47071}.Debug|Any CPU.ActiveCfg = Debug|Any CPU
		{89A332E5-6CFA-4635-93A3-303A8AF47071}.Release|Any CPU.ActiveCfg = Release|Any CPU
	EndGlobalSection
	GlobalSection(SolutionProperties) = preSolution
		HideSolutionNode = FALSE
	EndGlobalSection
	GlobalSection(ExtensibilityGlobals) = postSolution
		SolutionGuid = {ED816C3E-905F-4789-A069-6B295533339C}
	EndGlobalSection
EndGlobal
